
Microsoft Visual Studio Solution File, Format Version 11.00
# Visual C# Express 2010
Project("{FAE04EC0-301F-11D3-BF4B-00C04F79EFBC}") = "BlockWars", "BlockWars\BlockWars\BlockWars.csproj", "{057919A4-F860-4856-8D2B-304A9C3D5D8E}"
EndProject
Project("{96E2B04D-8817-42C6-938A-82C39BA4D311}") = "BlockWarsContent", "BlockWars\BlockWarsContent\BlockWarsContent.contentproj", "{8A4341EB-B9EC-45F1-B5CB-134DB05AF63A}"
EndProject
Global
	GlobalSection(SolutionConfigurationPlatforms) = preSolution
		Debug|x86 = Debug|x86
		Release|x86 = Release|x86
	EndGlobalSection
	GlobalSection(ProjectConfigurationPlatforms) = postSolution
		{057919A4-F860-4856-8D2B-304A9C3D5D8E}.Debug|x86.ActiveCfg = Debug|x86
		{057919A4-F860-4856-8D2B-304A9C3D5D8E}.Debug|x86.Build.0 = Debug|x86
		{057919A4-F860-4856-8D2B-304A9C3D5D8E}.Release|x86.ActiveCfg = Release|x86
		{057919A4-F860-4856-8D2B-304A9C3D5D8E}.Release|x86.Build.0 = Release|x86
		{8A4341EB-B9EC-45F1-B5CB-134DB05AF63A}.Debug|x86.ActiveCfg = Debug|x86
		{8A4341EB-B9EC-45F1-B5CB-134DB05AF63A}.Release|x86.ActiveCfg = Release|x86
	EndGlobalSection
	GlobalSection(SolutionProperties) = preSolution
		HideSolutionNode = FALSE
	EndGlobalSection
EndGlobal
